
Microsoft Visual Studio Solution File, Format Version 12.00
# Visual Studio Version 16
VisualStudioVersion = 16.0.33529.622
MinimumVisualStudioVersion = 10.0.40219.1
Project("{8BC9CEB8-8B4A-11D0-8D11-00A0C91BC942}") = "MDS_E-bus_Sample", "MDS_E-bus_Sample\MDS_E-bus_Sample.vcxproj", "{F488E81E-ADE7-4A21-9743-F8C0AE4DD5A1}"
EndProject
Global
	GlobalSection(SolutionConfigurationPlatforms) = preSolution
		Debug|x64 = Debug|x64
		Debug|x86 = Debug|x86
		Release|x64 = Release|x64
		Release|x86 = Release|x86
	EndGlobalSection
	GlobalSection(ProjectConfigurationPlatforms) = postSolution
		{F488E81E-ADE7-4A21-9743-F8C0AE4DD5A1}.Debug|x64.ActiveCfg = Debug|x64
		{F488E81E-ADE7-4A21-9743-F8C0AE4DD5A1}.Debug|x64.Build.0 = Debug|x64
		{F488E81E-ADE7-4A21-9743-F8C0AE4DD5A1}.Debug|x86.ActiveCfg = Debug|Win32
		{F488E81E-ADE7-4A21-9743-F8C0AE4DD5A1}.Debug|x86.Build.0 = Debug|Win32
		{F488E81E-ADE7-4A21-9743-F8C0AE4DD5A1}.Release|x64.ActiveCfg = Release|x64
		{F488E81E-ADE7-4A21-9743-F8C0AE4DD5A1}.Release|x64.Build.0 = Release|x64
		{F488E81E-ADE7-4A21-9743-F8C0AE4DD5A1}.Release|x86.ActiveCfg = Release|Win32
		{F488E81E-ADE7-4A21-9743-F8C0AE4DD5A1}.Release|x86.Build.0 = Release|Win32
	EndGlobalSection
	GlobalSection(SolutionProperties) = preSolution
		HideSolutionNode = FALSE
	EndGlobalSection
	GlobalSection(ExtensibilityGlobals) = postSolution
		SolutionGuid = {A1FF33EC-3799-4AAC-830C-8BFFD45E36D2}
	EndGlobalSection
EndGlobal
